
Microsoft Visual Studio Solution File, Format Version 12.00
# Visual Studio 14
VisualStudioVersion = 14.0.25420.1
MinimumVisualStudioVersion = 10.0.40219.1
Project("{8BC9CEB8-8B4A-11D0-8D11-00A0C91BC942}") = "Pointer Reference", "ConsoleApplication1\ConsoleApplication1.vcxproj", "{120BBD7A-C92A-478E-AAE6-A8181F24686A}"
EndProject
Project("{8BC9CEB8-8B4A-11D0-8D11-00A0C91BC942}") = "constructorCallConstructro", "constructorCallConstructro\constructorCallConstructro.vcxproj", "{B0CF98F5-5399-49AB-AEB1-2A430A87FC87}"
EndProject
Project("{FAE04EC0-301F-11D3-BF4B-00C04F79EFBC}") = "thread.join", "thread.join\thread.join.csproj", "{D77DFCC1-0F75-4F98-B418-7B956F88AE83}"
EndProject
Project("{8BC9CEB8-8B4A-11D0-8D11-00A0C91BC942}") = "WhyCOUTCanNotUse", "WhyCOUTCanNotUse\WhyCOUTCanNotUse.vcxproj", "{6C51C171-4BB8-409D-9C14-3DE3DB45EFD7}"
EndProject
Global
	GlobalSection(SolutionConfigurationPlatforms) = preSolution
		Debug|Any CPU = Debug|Any CPU
		Debug|x64 = Debug|x64
		Debug|x86 = Debug|x86
		Release|Any CPU = Release|Any CPU
		Release|x64 = Release|x64
		Release|x86 = Release|x86
	EndGlobalSection
	GlobalSection(ProjectConfigurationPlatforms) = postSolution
		{120BBD7A-C92A-478E-AAE6-A8181F24686A}.Debug|Any CPU.ActiveCfg = Debug|Win32
		{120BBD7A-C92A-478E-AAE6-A8181F24686A}.Debug|x64.ActiveCfg = Debug|x64
		{120BBD7A-C92A-478E-AAE6-A8181F24686A}.Debug|x64.Build.0 = Debug|x64
		{120BBD7A-C92A-478E-AAE6-A8181F24686A}.Debug|x86.ActiveCfg = Debug|Win32
		{120BBD7A-C92A-478E-AAE6-A8181F24686A}.Debug|x86.Build.0 = Debug|Win32
		{120BBD7A-C92A-478E-AAE6-A8181F24686A}.Release|Any CPU.ActiveCfg = Release|Win32
		{120BBD7A-C92A-478E-AAE6-A8181F24686A}.Release|x64.ActiveCfg = Release|x64
		{120BBD7A-C92A-478E-AAE6-A8181F24686A}.Release|x64.Build.0 = Release|x64
		{120BBD7A-C92A-478E-AAE6-A8181F24686A}.Release|x86.ActiveCfg = Release|Win32
		{120BBD7A-C92A-478E-AAE6-A8181F24686A}.Release|x86.Build.0 = Release|Win32
		{B0CF98F5-5399-49AB-AEB1-2A430A87FC87}.Debug|Any CPU.ActiveCfg = Debug|Win32
		{B0CF98F5-5399-49AB-AEB1-2A430A87FC87}.Debug|x64.ActiveCfg = Debug|x64
		{B0CF98F5-5399-49AB-AEB1-2A430A87FC87}.Debug|x64.Build.0 = Debug|x64
		{B0CF98F5-5399-49AB-AEB1-2A430A87FC87}.Debug|x86.ActiveCfg = Debug|Win32
		{B0CF98F5-5399-49AB-AEB1-2A430A87FC87}.Debug|x86.Build.0 = Debug|Win32
		{B0CF98F5-5399-49AB-AEB1-2A430A87FC87}.Release|Any CPU.ActiveCfg = Release|Win32
		{B0CF98F5-5399-49AB-AEB1-2A430A87FC87}.Release|x64.ActiveCfg = Release|x64
		{B0CF98F5-5399-49AB-AEB1-2A430A87FC87}.Release|x64.Build.0 = Release|x64
		{B0CF98F5-5399-49AB-AEB1-2A430A87FC87}.Release|x86.ActiveCfg = Release|Win32
		{B0CF98F5-5399-49AB-AEB1-2A430A87FC87}.Release|x86.Build.0 = Release|Win32
		{D77DFCC1-0F75-4F98-B418-7B956F88AE83}.Debug|Any CPU.ActiveCfg = Debug|Any CPU
		{D77DFCC1-0F75-4F98-B418-7B956F88AE83}.Debug|Any CPU.Build.0 = Debug|Any CPU
		{D77DFCC1-0F75-4F98-B418-7B956F88AE83}.Debug|x64.ActiveCfg = Debug|Any CPU
		{D77DFCC1-0F75-4F98-B418-7B956F88AE83}.Debug|x64.Build.0 = Debug|Any CPU
		{D77DFCC1-0F75-4F98-B418-7B956F88AE83}.Debug|x86.ActiveCfg = Debug|Any CPU
		{D77DFCC1-0F75-4F98-B418-7B956F88AE83}.Debug|x86.Build.0 = Debug|Any CPU
		{D77DFCC1-0F75-4F98-B418-7B956F88AE83}.Release|Any CPU.ActiveCfg = Release|Any CPU
		{D77DFCC1-0F75-4F98-B418-7B956F88AE83}.Release|Any CPU.Build.0 = Release|Any CPU
		{D77DFCC1-0F75-4F98-B418-7B956F88AE83}.Release|x64.ActiveCfg = Release|Any CPU
		{D77DFCC1-0F75-4F98-B418-7B956F88AE83}.Release|x64.Build.0 = Release|Any CPU
		{D77DFCC1-0F75-4F98-B418-7B956F88AE83}.Release|x86.ActiveCfg = Release|Any CPU
		{D77DFCC1-0F75-4F98-B418-7B956F88AE83}.Release|x86.Build.0 = Release|Any CPU
		{6C51C171-4BB8-409D-9C14-3DE3DB45EFD7}.Debug|Any CPU.ActiveCfg = Debug|Win32
		{6C51C171-4BB8-409D-9C14-3DE3DB45EFD7}.Debug|x64.ActiveCfg = Debug|x64
		{6C51C171-4BB8-409D-9C14-3DE3DB45EFD7}.Debug|x64.Build.0 = Debug|x64
		{6C51C171-4BB8-409D-9C14-3DE3DB45EFD7}.Debug|x86.ActiveCfg = Debug|Win32
		{6C51C171-4BB8-409D-9C14-3DE3DB45EFD7}.Debug|x86.Build.0 = Debug|Win32
		{6C51C171-4BB8-409D-9C14-3DE3DB45EFD7}.Release|Any CPU.ActiveCfg = Release|Win32
		{6C51C171-4BB8-409D-9C14-3DE3DB45EFD7}.Release|x64.ActiveCfg = Release|x64
		{6C51C171-4BB8-409D-9C14-3DE3DB45EFD7}.Release|x64.Build.0 = Release|x64
		{6C51C171-4BB8-409D-9C14-3DE3DB45EFD7}.Release|x86.ActiveCfg = Release|Win32
		{6C51C171-4BB8-409D-9C14-3DE3DB45EFD7}.Release|x86.Build.0 = Release|Win32
	EndGlobalSection
	GlobalSection(SolutionProperties) = preSolution
		HideSolutionNode = FALSE
	EndGlobalSection
EndGlobal
